
Microsoft Visual Studio Solution File, Format Version 12.00
# Visual Studio Version 17
VisualStudioVersion = 17.6.33829.357
MinimumVisualStudioVersion = 10.0.40219.1
Project("{FAE04EC0-301F-11D3-BF4B-00C04F79EFBC}") = "ShutdownWizard", "ShutdownWizard\ShutdownWizard.csproj", "{CEE5C077-4563-4C29-9BD2-ABECAB700936}"
EndProject
Global
	GlobalSection(SolutionConfigurationPlatforms) = preSolution
		Debug|Any CPU = Debug|Any CPU
		Release|Any CPU = Release|Any CPU
	EndGlobalSection
	GlobalSection(ProjectConfigurationPlatforms) = postSolution
		{CEE5C077-4563-4C29-9BD2-ABECAB700936}.Debug|Any CPU.ActiveCfg = Debug|Any CPU
		{CEE5C077-4563-4C29-9BD2-ABECAB700936}.Debug|Any CPU.Build.0 = Debug|Any CPU
		{CEE5C077-4563-4C29-9BD2-ABECAB700936}.Release|Any CPU.ActiveCfg = Release|Any CPU
		{CEE5C077-4563-4C29-9BD2-ABECAB700936}.Release|Any CPU.Build.0 = Release|Any CPU
	EndGlobalSection
	GlobalSection(SolutionProperties) = preSolution
		HideSolutionNode = FALSE
	EndGlobalSection
	GlobalSection(ExtensibilityGlobals) = postSolution
		SolutionGuid = {A5BB8256-A844-47D1-BA5C-EE563F6C2629}
	EndGlobalSection
EndGlobal
